// !$*UTF8*$!
{
	archiveVersion = 1;
	classes = {
	};
	objectVersion = 48;
	objects = {

/* Begin PBXBuildFile section */
		1E2FB7401F935FD0009E1DD5 /* AppDelegate.swift in Sources */ = {isa = PBXBuildFile; fileRef = 1E2FB73F1F935FD0009E1DD5 /* AppDelegate.swift */; };
		1E2FB7421F935FD0009E1DD5 /* ViewController.swift in Sources */ = {isa = PBXBuildFile; fileRef = 1E2FB7411F935FD0009E1DD5 /* ViewController.swift */; };
		1E2FB7451F935FD0009E1DD5 /* Main.storyboard in Resources */ = {isa = PBXBuildFile; fileRef = 1E2FB7431F935FD0009E1DD5 /* Main.storyboard */; };
		1E2FB7471F935FD0009E1DD5 /* Assets.xcassets in Resources */ = {isa = PBXBuildFile; fileRef = 1E2FB7461F935FD0009E1DD5 /* Assets.xcassets */; };
		1E2FB74A1F935FD0009E1DD5 /* LaunchScreen.storyboard in Resources */ = {isa = PBXBuildFile; fileRef = 1E2FB7481F935FD0009E1DD5 /* LaunchScreen.storyboard */; };
		1E2FB7561F936089009E1DD5 /* MakePaymentTableViewController.swift in Sources */ = {isa = PBXBuildFile; fileRef = 1E2FB7541F936089009E1DD5 /* MakePaymentTableViewController.swift */; };
		1E2FB7571F936089009E1DD5 /* Utill.swift in Sources */ = {isa = PBXBuildFile; fileRef = 1E2FB7551F936089009E1DD5 /* Utill.swift */; };
		1E2FB7581F936141009E1DD5 /* PaymentModel.swift in Sources */ = {isa = PBXBuildFile; fileRef = 1E2FB7521F936073009E1DD5 /* PaymentModel.swift */; };
		1E2FB7591F936146009E1DD5 /* TagModel.swift in Sources */ = {isa = PBXBuildFile; fileRef = 1E2FB7531F936073009E1DD5 /* TagModel.swift */; };
		1E4DCEB31F94C26B00D3EAAF /* Localizable.strings in Resources */ = {isa = PBXBuildFile; fileRef = 1E4DCEB51F94C26B00D3EAAF /* Localizable.strings */; };
		25D24855736FFF3C3AC1BEA7 /* Pods_AccountBook.framework in Frameworks */ = {isa = PBXBuildFile; fileRef = 7F726AA0F15343AB006D568E /* Pods_AccountBook.framework */; };
/* End PBXBuildFile section */

/* Begin PBXFileReference section */
		1E2FB73C1F935FD0009E1DD5 /* AccountBook.app */ = {isa = PBXFileReference; explicitFileType = wrapper.application; includeInIndex = 0; path = AccountBook.app; sourceTree = BUILT_PRODUCTS_DIR; };
		1E2FB73F1F935FD0009E1DD5 /* AppDelegate.swift */ = {isa = PBXFileReference; lastKnownFileType = sourcecode.swift; path = AppDelegate.swift; sourceTree = "<group>"; };
		1E2FB7411F935FD0009E1DD5 /* ViewController.swift */ = {isa = PBXFileReference; lastKnownFileType = sourcecode.swift; path = ViewController.swift; sourceTree = "<group>"; };
		1E2FB7441F935FD0009E1DD5 /* Base */ = {isa = PBXFileReference; lastKnownFileType = file.storyboard; name = Base; path = Base.lproj/Main.storyboard; sourceTree = "<group>"; };
		1E2FB7461F935FD0009E1DD5 /* Assets.xcassets */ = {isa = PBXFileReference; lastKnownFileType = folder.assetcatalog; path = Assets.xcassets; sourceTree = "<group>"; };
		1E2FB7491F935FD0009E1DD5 /* Base */ = {isa = PBXFileReference; lastKnownFileType = file.storyboard; name = Base; path = Base.lproj/LaunchScreen.storyboard; sourceTree = "<group>"; };
		1E2FB74B1F935FD0009E1DD5 /* Info.plist */ = {isa = PBXFileReference; lastKnownFileType = text.plist.xml; path = Info.plist; sourceTree = "<group>"; };
		1E2FB7521F936073009E1DD5 /* PaymentModel.swift */ = {isa = PBXFileReference; lastKnownFileType = sourcecode.swift; path = PaymentModel.swift; sourceTree = "<group>"; };
		1E2FB7531F936073009E1DD5 /* TagModel.swift */ = {isa = PBXFileReference; lastKnownFileType = sourcecode.swift; path = TagModel.swift; sourceTree = "<group>"; };
		1E2FB7541F936089009E1DD5 /* MakePaymentTableViewController.swift */ = {isa = PBXFileReference; lastKnownFileType = sourcecode.swift; path = MakePaymentTableViewController.swift; sourceTree = "<group>"; };
		1E2FB7551F936089009E1DD5 /* Utill.swift */ = {isa = PBXFileReference; lastKnownFileType = sourcecode.swift; path = Utill.swift; sourceTree = "<group>"; };
		1E4DCEB61F94C2C200D3EAAF /* ko */ = {isa = PBXFileReference; lastKnownFileType = text.plist.strings; name = ko; path = ko.lproj/Main.strings; sourceTree = "<group>"; };
		1E4DCEB71F94C2C300D3EAAF /* ko */ = {isa = PBXFileReference; lastKnownFileType = text.plist.strings; name = ko; path = ko.lproj/LaunchScreen.strings; sourceTree = "<group>"; };
		1E4DCEB81F94C2C300D3EAAF /* ko */ = {isa = PBXFileReference; lastKnownFileType = text.plist.strings; name = ko; path = ko.lproj/Localizable.strings; sourceTree = "<group>"; };
		1E4DCEBA1F94C67C00D3EAAF /* Base */ = {isa = PBXFileReference; lastKnownFileType = text.plist.strings; name = Base; path = Base.lproj/Localizable.strings; sourceTree = "<group>"; };
		7D921C85A91179A52A3D51E9 /* Pods-AccountBook.release.xcconfig */ = {isa = PBXFileReference; includeInIndex = 1; lastKnownFileType = text.xcconfig; name = "Pods-AccountBook.release.xcconfig"; path = "Pods/Target Support Files/Pods-AccountBook/Pods-AccountBook.release.xcconfig"; sourceTree = "<group>"; };
		7F726AA0F15343AB006D568E /* Pods_AccountBook.framework */ = {isa = PBXFileReference; explicitFileType = wrapper.framework; includeInIndex = 0; path = Pods_AccountBook.framework; sourceTree = BUILT_PRODUCTS_DIR; };
		86814267BA529B3720956B01 /* Pods-AccountBook.debug.xcconfig */ = {isa = PBXFileReference; includeInIndex = 1; lastKnownFileType = text.xcconfig; name = "Pods-AccountBook.debug.xcconfig"; path = "Pods/Target Support Files/Pods-AccountBook/Pods-AccountBook.debug.xcconfig"; sourceTree = "<group>"; };
/* End PBXFileReference section */

/* Begin PBXFrameworksBuildPhase section */
		1E2FB7391F935FD0009E1DD5 /* Frameworks */ = {
			isa = PBXFrameworksBuildPhase;
			buildActionMask = 2147483647;
			files = (
				25D24855736FFF3C3AC1BEA7 /* Pods_AccountBook.framework in Frameworks */,
			);
			runOnlyForDeploymentPostprocessing = 0;
		};
/* End PBXFrameworksBuildPhase section */

/* Begin PBXGroup section */
		1E2FB7331F935FD0009E1DD5 = {
			isa = PBXGroup;
			children = (
				1E2FB73E1F935FD0009E1DD5 /* AccountBook */,
				1E2FB73D1F935FD0009E1DD5 /* Products */,
				8587D904507BF216DD98A31E /* Pods */,
				480131BB55053C6767AB930A /* Frameworks */,
			);
			sourceTree = "<group>";
		};
		1E2FB73D1F935FD0009E1DD5 /* Products */ = {
			isa = PBXGroup;
			children = (
				1E2FB73C1F935FD0009E1DD5 /* AccountBook.app */,
			);
			name = Products;
			sourceTree = "<group>";
		};
		1E2FB73E1F935FD0009E1DD5 /* AccountBook */ = {
			isa = PBXGroup;
			children = (
				1E2FB73F1F935FD0009E1DD5 /* AppDelegate.swift */,
				1E4DCEB51F94C26B00D3EAAF /* Localizable.strings */,
				1E2FB7411F935FD0009E1DD5 /* ViewController.swift */,
				1E2FB7431F935FD0009E1DD5 /* Main.storyboard */,
				1E2FB7541F936089009E1DD5 /* MakePaymentTableViewController.swift */,
				1E2FB7551F936089009E1DD5 /* Utill.swift */,
				1E2FB7511F936073009E1DD5 /* model */,
				1E2FB7461F935FD0009E1DD5 /* Assets.xcassets */,
				1E2FB7481F935FD0009E1DD5 /* LaunchScreen.storyboard */,
				1E2FB74B1F935FD0009E1DD5 /* Info.plist */,
			);
			path = AccountBook;
			sourceTree = "<group>";
		};
		1E2FB7511F936073009E1DD5 /* model */ = {
			isa = PBXGroup;
			children = (
				1E2FB7521F936073009E1DD5 /* PaymentModel.swift */,
				1E2FB7531F936073009E1DD5 /* TagModel.swift */,
			);
			path = model;
			sourceTree = "<group>";
		};
		480131BB55053C6767AB930A /* Frameworks */ = {
			isa = PBXGroup;
			children = (
				7F726AA0F15343AB006D568E /* Pods_AccountBook.framework */,
			);
			name = Frameworks;
			sourceTree = "<group>";
		};
		8587D904507BF216DD98A31E /* Pods */ = {
			isa = PBXGroup;
			children = (
				86814267BA529B3720956B01 /* Pods-AccountBook.debug.xcconfig */,
				7D921C85A91179A52A3D51E9 /* Pods-AccountBook.release.xcconfig */,
			);
			name = Pods;
			sourceTree = "<group>";
		};
/* End PBXGroup section */

/* Begin PBXNativeTarget section */
		1E2FB73B1F935FD0009E1DD5 /* AccountBook */ = {
			isa = PBXNativeTarget;
			buildConfigurationList = 1E2FB74E1F935FD0009E1DD5 /* Build configuration list for PBXNativeTarget "AccountBook" */;
			buildPhases = (
				7BF09533A06A9726A97C1CCC /* [CP] Check Pods Manifest.lock */,
				1E2FB7381F935FD0009E1DD5 /* Sources */,
				1E2FB7391F935FD0009E1DD5 /* Frameworks */,
				1E2FB73A1F935FD0009E1DD5 /* Resources */,
				5192D8F5E03E5333BE0A91BF /* [CP] Embed Pods Frameworks */,
				B3E9B138A616D527FF56E64A /* [CP] Copy Pods Resources */,
			);
			buildRules = (
			);
			dependencies = (
			);
			name = AccountBook;
			productName = AccountBook;
			productReference = 1E2FB73C1F935FD0009E1DD5 /* AccountBook.app */;
			productType = "com.apple.product-type.application";
		};
/* End PBXNativeTarget section */

/* Begin PBXProject section */
		1E2FB7341F935FD0009E1DD5 /* Project object */ = {
			isa = PBXProject;
			attributes = {
				LastSwiftUpdateCheck = 0900;
				LastUpgradeCheck = 0900;
				ORGANIZATIONNAME = "Seo Changyul";
				TargetAttributes = {
					1E2FB73B1F935FD0009E1DD5 = {
						CreatedOnToolsVersion = 9.0;
						ProvisioningStyle = Automatic;
					};
				};
			};
			buildConfigurationList = 1E2FB7371F935FD0009E1DD5 /* Build configuration list for PBXProject "AccountBook" */;
			compatibilityVersion = "Xcode 8.0";
			developmentRegion = en;
			hasScannedForEncodings = 0;
			knownRegions = (
				Base,
				ko,
			);
			mainGroup = 1E2FB7331F935FD0009E1DD5;
			productRefGroup = 1E2FB73D1F935FD0009E1DD5 /* Products */;
			projectDirPath = "";
			projectRoot = "";
			targets = (
				1E2FB73B1F935FD0009E1DD5 /* AccountBook */,
			);
		};
/* End PBXProject section */

/* Begin PBXResourcesBuildPhase section */
		1E2FB73A1F935FD0009E1DD5 /* Resources */ = {
			isa = PBXResourcesBuildPhase;
			buildActionMask = 2147483647;
			files = (
				1E2FB74A1F935FD0009E1DD5 /* LaunchScreen.storyboard in Resources */,
				1E4DCEB31F94C26B00D3EAAF /* Localizable.strings in Resources */,
				1E2FB7471F935FD0009E1DD5 /* Assets.xcassets in Resources */,
				1E2FB7451F935FD0009E1DD5 /* Main.storyboard in Resources */,
			);
			runOnlyForDeploymentPostprocessing = 0;
		};
/* End PBXResourcesBuildPhase section */

/* Begin PBXShellScriptBuildPhase section */
		5192D8F5E03E5333BE0A91BF /* [CP] Embed Pods Frameworks */ = {
			isa = PBXShellScriptBuildPhase;
			buildActionMask = 2147483647;
			files = (
			);
			inputPaths = (
				"${SRCROOT}/Pods/Target Support Files/Pods-AccountBook/Pods-AccountBook-frameworks.sh",
				"${BUILT_PRODUCTS_DIR}/Realm/Realm.framework",
				"${BUILT_PRODUCTS_DIR}/RealmSwift/RealmSwift.framework",
			);
			name = "[CP] Embed Pods Frameworks";
			outputPaths = (
				"${TARGET_BUILD_DIR}/${FRAMEWORKS_FOLDER_PATH}/Realm.framework",
				"${TARGET_BUILD_DIR}/${FRAMEWORKS_FOLDER_PATH}/RealmSwift.framework",
			);
			runOnlyForDeploymentPostprocessing = 0;
			shellPath = /bin/sh;
			shellScript = "\"${SRCROOT}/Pods/Target Support Files/Pods-AccountBook/Pods-AccountBook-frameworks.sh\"\n";
			showEnvVarsInLog = 0;
		};
		7BF09533A06A9726A97C1CCC /* [CP] Check Pods Manifest.lock */ = {
			isa = PBXShellScriptBuildPhase;
			buildActionMask = 2147483647;
			files = (
			);
			inputPaths = (
				"${PODS_PODFILE_DIR_PATH}/Podfile.lock",
				"${PODS_ROOT}/Manifest.lock",
			);
			name = "[CP] Check Pods Manifest.lock";
			outputPaths = (
				"$(DERIVED_FILE_DIR)/Pods-AccountBook-checkManifestLockResult.txt",
			);
			runOnlyForDeploymentPostprocessing = 0;
			shellPath = /bin/sh;
			shellScript = "diff \"${PODS_PODFILE_DIR_PATH}/Podfile.lock\" \"${PODS_ROOT}/Manifest.lock\" > /dev/null\nif [ $? != 0 ] ; then\n    # print error to STDERR\n    echo \"error: The sandbox is not in sync with the Podfile.lock. Run 'pod install' or update your CocoaPods installation.\" >&2\n    exit 1\nfi\n# This output is used by Xcode 'outputs' to avoid re-running this script phase.\necho \"SUCCESS\" > \"${SCRIPT_OUTPUT_FILE_0}\"\n";
			showEnvVarsInLog = 0;
		};
		B3E9B138A616D527FF56E64A /* [CP] Copy Pods Resources */ = {
			isa = PBXShellScriptBuildPhase;
			buildActionMask = 2147483647;
			files = (
			);
			inputPaths = (
			);
			name = "[CP] Copy Pods Resources";
			outputPaths = (
			);
			runOnlyForDeploymentPostprocessing = 0;
			shellPath = /bin/sh;
			shellScript = "\"${SRCROOT}/Pods/Target Support Files/Pods-AccountBook/Pods-AccountBook-resources.sh\"\n";
			showEnvVarsInLog = 0;
		};
/* End PBXShellScriptBuildPhase section */

/* Begin PBXSourcesBuildPhase section */
		1E2FB7381F935FD0009E1DD5 /* Sources */ = {
			isa = PBXSourcesBuildPhase;
			buildActionMask = 2147483647;
			files = (
				1E2FB7591F936146009E1DD5 /* TagModel.swift in Sources */,
				1E2FB7571F936089009E1DD5 /* Utill.swift in Sources */,
				1E2FB7421F935FD0009E1DD5 /* ViewController.swift in Sources */,
				1E2FB7561F936089009E1DD5 /* MakePaymentTableViewController.swift in Sources */,
				1E2FB7401F935FD0009E1DD5 /* AppDelegate.swift in Sources */,
				1E2FB7581F936141009E1DD5 /* PaymentModel.swift in Sources */,
			);
			runOnlyForDeploymentPostprocessing = 0;
		};
/* End PBXSourcesBuildPhase section */

/* Begin PBXVariantGroup section */
		1E2FB7431F935FD0009E1DD5 /* Main.storyboard */ = {
			isa = PBXVariantGroup;
			children = (
				1E2FB7441F935FD0009E1DD5 /* Base */,
				1E4DCEB61F94C2C200D3EAAF /* ko */,
			);
			name = Main.storyboard;
			sourceTree = "<group>";
		};
		1E2FB7481F935FD0009E1DD5 /* LaunchScreen.storyboard */ = {
			isa = PBXVariantGroup;
			children = (
				1E2FB7491F935FD0009E1DD5 /* Base */,
				1E4DCEB71F94C2C300D3EAAF /* ko */,
			);
			name = LaunchScreen.storyboard;
			sourceTree = "<group>";
		};
		1E4DCEB51F94C26B00D3EAAF /* Localizable.strings */ = {
			isa = PBXVariantGroup;
			children = (
				1E4DCEB81F94C2C300D3EAAF /* ko */,
				1E4DCEBA1F94C67C00D3EAAF /* Base */,
			);
			name = Localizable.strings;
			sourceTree = "<group>";
		};
/* End PBXVariantGroup section */

/* Begin XCBuildConfiguration section */
		1E2FB74C1F935FD0009E1DD5 /* Debug */ = {
			isa = XCBuildConfiguration;
			buildSettings = {
				ALWAYS_SEARCH_USER_PATHS = NO;
				CLANG_ANALYZER_LOCALIZABILITY_NONLOCALIZED = YES;
				CLANG_ANALYZER_NONNULL = YES;
				CLANG_ANALYZER_NUMBER_OBJECT_CONVERSION = YES_AGGRESSIVE;
				CLANG_CXX_LANGUAGE_STANDARD = "gnu++14";
				CLANG_CXX_LIBRARY = "libc++";
				CLANG_ENABLE_MODULES = YES;
				CLANG_ENABLE_OBJC_ARC = YES;
				CLANG_WARN_BLOCK_CAPTURE_AUTORELEASING = YES;
				CLANG_WARN_BOOL_CONVERSION = YES;
				CLANG_WARN_COMMA = YES;
				CLANG_WARN_CONSTANT_CONVERSION = YES;
				CLANG_WARN_DIRECT_OBJC_ISA_USAGE = YES_ERROR;
				CLANG_WARN_DOCUMENTATION_COMMENTS = YES;
				CLANG_WARN_EMPTY_BODY = YES;
				CLANG_WARN_ENUM_CONVERSION = YES;
				CLANG_WARN_INFINITE_RECURSION = YES;
				CLANG_WARN_INT_CONVERSION = YES;
				CLANG_WARN_NON_LITERAL_NULL_CONVERSION = YES;
				CLANG_WARN_OBJC_LITERAL_CONVERSION = YES;
				CLANG_WARN_OBJC_ROOT_CLASS = YES_ERROR;
				CLANG_WARN_RANGE_LOOP_ANALYSIS = YES;
				CLANG_WARN_STRICT_PROTOTYPES = YES;
				CLANG_WARN_SUSPICIOUS_MOVE = YES;
				CLANG_WARN_UNGUARDED_AVAILABILITY = YES_AGGRESSIVE;
				CLANG_WARN_UNREACHABLE_CODE = YES;
				CLANG_WARN__DUPLICATE_METHOD_MATCH = YES;
				CODE_SIGN_IDENTITY = "iPhone Developer";
				COPY_PHASE_STRIP = NO;
				DEBUG_INFORMATION_FORMAT = dwarf;
				ENABLE_STRICT_OBJC_MSGSEND = YES;
				ENABLE_TESTABILITY = YES;
				GCC_C_LANGUAGE_STANDARD = gnu11;
				GCC_DYNAMIC_NO_PIC = NO;
				GCC_NO_COMMON_BLOCKS = YES;
				GCC_OPTIMIZATION_LEVEL = 0;
				GCC_PREPROCESSOR_DEFINITIONS = (
					"DEBUG=1",
					"$(inherited)",
				);
				GCC_WARN_64_TO_32_BIT_CONVERSION = YES;
				GCC_WARN_ABOUT_RETURN_TYPE = YES_ERROR;
				GCC_WARN_UNDECLARED_SELECTOR = YES;
				GCC_WARN_UNINITIALIZED_AUTOS = YES_AGGRESSIVE;
				GCC_WARN_UNUSED_FUNCTION = YES;
				GCC_WARN_UNUSED_VARIABLE = YES;
				IPHONEOS_DEPLOYMENT_TARGET = 11.0;
				MTL_ENABLE_DEBUG_INFO = YES;
				ONLY_ACTIVE_ARCH = YES;
				SDKROOT = iphoneos;
				SWIFT_ACTIVE_COMPILATION_CONDITIONS = DEBUG;
				SWIFT_OPTIMIZATION_LEVEL = "-Onone";
			};
			name = Debug;
		};
		1E2FB74D1F935FD0009E1DD5 /* Release */ = {
			isa = XCBuildConfiguration;
			buildSettings = {
				ALWAYS_SEARCH_USER_PATHS = NO;
				CLANG_ANALYZER_LOCALIZABILITY_NONLOCALIZED = YES;
				CLANG_ANALYZER_NONNULL = YES;
				CLANG_ANALYZER_NUMBER_OBJECT_CONVERSION = YES_AGGRESSIVE;
				CLANG_CXX_LANGUAGE_STANDARD = "gnu++14";
				CLANG_CXX_LIBRARY = "libc++";
				CLANG_ENABLE_MODULES = YES;
				CLANG_ENABLE_OBJC_ARC = YES;
				CLANG_WARN_BLOCK_CAPTURE_AUTORELEASING = YES;
				CLANG_WARN_BOOL_CONVERSION = YES;
				CLANG_WARN_COMMA = YES;
				CLANG_WARN_CONSTANT_CONVERSION = YES;
				CLANG_WARN_DIRECT_OBJC_ISA_USAGE = YES_ERROR;
				CLANG_WARN_DOCUMENTATION_COMMENTS = YES;
				CLANG_WARN_EMPTY_BODY = YES;
				CLANG_WARN_ENUM_CONVERSION = YES;
				CLANG_WARN_INFINITE_RECURSION = YES;
				CLANG_WARN_INT_CONVERSION = YES;
				CLANG_WARN_NON_LITERAL_NULL_CONVERSION = YES;
				CLANG_WARN_OBJC_LITERAL_CONVERSION = YES;
				CLANG_WARN_OBJC_ROOT_CLASS = YES_ERROR;
				CLANG_WARN_RANGE_LOOP_ANALYSIS = YES;
				CLANG_WARN_STRICT_PROTOTYPES = YES;
				CLANG_WARN_SUSPICIOUS_MOVE = YES;
				CLANG_WARN_UNGUARDED_AVAILABILITY = YES_AGGRESSIVE;
				CLANG_WARN_UNREACHABLE_CODE = YES;
				CLANG_WARN__DUPLICATE_METHOD_MATCH = YES;
				CODE_SIGN_IDENTITY = "iPhone Developer";
				COPY_PHASE_STRIP = NO;
				DEBUG_INFORMATION_FORMAT = "dwarf-with-dsym";
				ENABLE_NS_ASSERTIONS = NO;
				ENABLE_STRICT_OBJC_MSGSEND = YES;
				GCC_C_LANGUAGE_STANDARD = gnu11;
				GCC_NO_COMMON_BLOCKS = YES;
				GCC_WARN_64_TO_32_BIT_CONVERSION = YES;
				GCC_WARN_ABOUT_RETURN_TYPE = YES_ERROR;
				GCC_WARN_UNDECLARED_SELECTOR = YES;
				GCC_WARN_UNINITIALIZED_AUTOS = YES_AGGRESSIVE;
				GCC_WARN_UNUSED_FUNCTION = YES;
				GCC_WARN_UNUSED_VARIABLE = YES;
				IPHONEOS_DEPLOYMENT_TARGET = 11.0;
				MTL_ENABLE_DEBUG_INFO = NO;
				SDKROOT = iphoneos;
				SWIFT_OPTIMIZATION_LEVEL = "-Owholemodule";
				VALIDATE_PRODUCT = YES;
			};
			name = Release;
		};
		1E2FB74F1F935FD0009E1DD5 /* Debug */ = {
			isa = XCBuildConfiguration;
			baseConfigurationReference = 86814267BA529B3720956B01 /* Pods-AccountBook.debug.xcconfig */;
			buildSettings = {
				ASSETCATALOG_COMPILER_APPICON_NAME = AppIcon;
				CODE_SIGN_STYLE = Automatic;
				DEVELOPMENT_TEAM = M63PVGGGF8;
				INFOPLIST_FILE = AccountBook/Info.plist;
				LD_RUNPATH_SEARCH_PATHS = "$(inherited) @executable_path/Frameworks";
				PRODUCT_BUNDLE_IDENTIFIER = net.kongbaguni.AccountBook;
				PRODUCT_NAME = "$(TARGET_NAME)";
				SWIFT_VERSION = 4.0;
				TARGETED_DEVICE_FAMILY = "1,2";
			};
			name = Debug;
		};
		1E2FB7501F935FD0009E1DD5 /* Release */ = {
			isa = XCBuildConfiguration;
			baseConfigurationReference = 7D921C85A91179A52A3D51E9 /* Pods-AccountBook.release.xcconfig */;
			buildSettings = {
				ASSETCATALOG_COMPILER_APPICON_NAME = AppIcon;
				CODE_SIGN_STYLE = Automatic;
				DEVELOPMENT_TEAM = M63PVGGGF8;
				INFOPLIST_FILE = AccountBook/Info.plist;
				LD_RUNPATH_SEARCH_PATHS = "$(inherited) @executable_path/Frameworks";
				PRODUCT_BUNDLE_IDENTIFIER = net.kongbaguni.AccountBook;
				PRODUCT_NAME = "$(TARGET_NAME)";
				SWIFT_VERSION = 4.0;
				TARGETED_DEVICE_FAMILY = "1,2";
			};
			name = Release;
		};
/* End XCBuildConfiguration section */

/* Begin XCConfigurationList section */
		1E2FB7371F935FD0009E1DD5 /* Build configuration list for PBXProject "AccountBook" */ = {
			isa = XCConfigurationList;
			buildConfigurations = (
				1E2FB74C1F935FD0009E1DD5 /* Debug */,
				1E2FB74D1F935FD0009E1DD5 /* Release */,
			);
			defaultConfigurationIsVisible = 0;
			defaultConfigurationName = Release;
		};
		1E2FB74E1F935FD0009E1DD5 /* Build configuration list for PBXNativeTarget "AccountBook" */ = {
			isa = XCConfigurationList;
			buildConfigurations = (
				1E2FB74F1F935FD0009E1DD5 /* Debug */,
				1E2FB7501F935FD0009E1DD5 /* Release */,
			);
			defaultConfigurationIsVisible = 0;
			defaultConfigurationName = Release;
		};
/* End XCConfigurationList section */
	};
	rootObject = 1E2FB7341F935FD0009E1DD5 /* Project object */;
}
